{
  "name": "assets",
  "lockfileVersion": 2,
  "requires": true,
  "packages": {
    "": {
      "dependencies": {
        "@huggingface/inference": "^2.8.0",
        "grid-engine": "^2.31.0",
        "marked": "^5.0.2",
        "phaser": "^3.60.0"
      }
    },
    "node_modules/@huggingface/inference": {
      "version": "2.8.0",
      "resolved": "https://registry.npmjs.org/@huggingface/inference/-/inference-2.8.0.tgz",
      "integrity": "sha512-Ti681P1qckcCAqgzmL53jBnluPuZGelmMIuXNjgAwC5+RIjF4S0SDQu6oy44ZTwekwNp2ETaZ2sXsOk+45aC4w==",
      "dependencies": {
        "@huggingface/tasks": "^0.11.2"
      },
      "engines": {
        "node": ">=18"
      }
    },
    "node_modules/@huggingface/tasks": {
      "version": "0.11.13",
      "resolved": "https://registry.npmjs.org/@huggingface/tasks/-/tasks-0.11.13.tgz",
      "integrity": "sha512-TqFEyFtKYAYwDg9h4XQMzoSxN2NMpwSnerPBx7Y4RbM1nHLM+CTXAUHcDY+hydcA5CoDDaBGzkHw+mttY3AmFQ=="
    },
    "node_modules/@types/minimist": {
      "version": "1.2.5",
      "resolved": "https://registry.npmjs.org/@types/minimist/-/minimist-1.2.5.tgz",
      "integrity": "sha512-hov8bUuiLiyFPGyFPE1lwWhmzYbirOXQNNo40+y3zow8aFVTeyn3VWL0VFFfdNddA8S4Vf0Tc062rzyNr7Paag=="
    },
    "node_modules/eventemitter3": {
      "version": "5.0.1",
      "resolved": "https://registry.npmjs.org/eventemitter3/-/eventemitter3-5.0.1.tgz",
      "integrity": "sha512-GWkBvjiSZK87ELrYOSESUYeVIc9mvLLf/nXalMOS5dYrgZq9o5OVkbZAVM06CVxYsCwH9BDZFPlQTlPA1j4ahA=="
    },
    "node_modules/grid-engine": {
      "version": "2.31.0",
      "resolved": "https://registry.npmjs.org/grid-engine/-/grid-engine-2.31.0.tgz",
      "integrity": "sha512-4V+u97UfjjiFfcE9NogRdyKHgRbRlJYxYQ4uaRZGB14yaGpPNym18YktiqABhLs3agKGXHco96rAsAdPtQKhBw==",
      "dependencies": {
        "mnemonist": "^0.39.5",
        "rxjs": "^7.8.1",
        "tiled-property-flattener": "^1.0.8"
      },
      "peerDependencies": {
        "phaser": "~3.60.0"
      }
    },
    "node_modules/lodash": {
      "version": "4.17.21",
      "resolved": "https://registry.npmjs.org/lodash/-/lodash-4.17.21.tgz",
      "integrity": "sha512-v2kDEe57lecTulaDIuNTPy3Ry4gLGJ6Z1O3vE1krgXZNrsQ+LFTGHVxVjcXPs17LhbZVGedAJv8XZ1tvj5FvSg=="
    },
    "node_modules/marked": {
      "version": "5.1.2",
      "resolved": "https://registry.npmjs.org/marked/-/marked-5.1.2.tgz",
      "integrity": "sha512-ahRPGXJpjMjwSOlBoTMZAK7ATXkli5qCPxZ21TG44rx1KEo44bii4ekgTDQPNRQ4Kh7JMb9Ub1PVk1NxRSsorg==",
      "bin": {
        "marked": "bin/marked.js"
      },
      "engines": {
        "node": ">= 16"
      }
    },
    "node_modules/minimist": {
      "version": "1.2.8",
      "resolved": "https://registry.npmjs.org/minimist/-/minimist-1.2.8.tgz",
      "integrity": "sha512-2yyAR8qBkN3YuheJanUpWC5U3bb5osDywNB8RzDVlDwDHbocAJveqqj1u8+SVD7jkWT4yvsHCpWqqWqAxb0zCA==",
      "funding": {
        "url": "https://github.com/sponsors/ljharb"
      }
    },
    "node_modules/mnemonist": {
      "version": "0.39.8",
      "resolved": "https://registry.npmjs.org/mnemonist/-/mnemonist-0.39.8.tgz",
      "integrity": "sha512-vyWo2K3fjrUw8YeeZ1zF0fy6Mu59RHokURlld8ymdUPjMlD9EC9ov1/YPqTgqRvUN9nTr3Gqfz29LYAmu0PHPQ==",
      "dependencies": {
        "obliterator": "^2.0.1"
      }
    },
    "node_modules/obliterator": {
      "version": "2.0.4",
      "resolved": "https://registry.npmjs.org/obliterator/-/obliterator-2.0.4.tgz",
      "integrity": "sha512-lgHwxlxV1qIg1Eap7LgIeoBWIMFibOjbrYPIPJZcI1mmGAI2m3lNYpK12Y+GBdPQ0U1hRwSord7GIaawz962qQ=="
    },
    "node_modules/phaser": {
      "version": "3.60.0",
      "resolved": "https://registry.npmjs.org/phaser/-/phaser-3.60.0.tgz",
      "integrity": "sha512-IKUy35EnoEVcl2EmJ8WOyK4X8OoxHYdlhZLgRGpNrvD1fEagYffhVmwHcapE/tGiLgyrnezmXIo5RrH2NcrTHw==",
      "dependencies": {
        "eventemitter3": "^5.0.0"
      }
    },
    "node_modules/rxjs": {
      "version": "7.8.1",
      "resolved": "https://registry.npmjs.org/rxjs/-/rxjs-7.8.1.tgz",
      "integrity": "sha512-AA3TVj+0A2iuIoQkWEK/tqFjBq2j+6PO6Y0zJcvzLAFhEFIO3HL0vls9hWLncZbAAbK0mar7oZ4V079I/qPMxg==",
      "dependencies": {
        "tslib": "^2.1.0"
      }
    },
    "node_modules/tiled-property-flattener": {
      "version": "1.1.1",
      "resolved": "https://registry.npmjs.org/tiled-property-flattener/-/tiled-property-flattener-1.1.1.tgz",
      "integrity": "sha512-Acj6WKbBkJlmqyDtlUIwvGHtNgopUmxYNZiLYWvgxWOTmtVubwskvOoZV3qqCGepBtL/18Fq/t4396n1NpqHng==",
      "dependencies": {
        "@types/minimist": "^1.2.2",
        "lodash": "^4.17.21",
        "minimist": "^1.2.8"
      }
    },
    "node_modules/tslib": {
      "version": "2.7.0",
      "resolved": "https://registry.npmjs.org/tslib/-/tslib-2.7.0.tgz",
      "integrity": "sha512-gLXCKdN1/j47AiHiOkJN69hJmcbGTHI0ImLmbYLHykhgeN0jVGola9yVjFgzCUklsZQMW55o+dW7IXv3RCXDzA=="
    }
  },
  "dependencies": {
    "@huggingface/inference": {
      "version": "2.8.0",
      "resolved": "https://registry.npmjs.org/@huggingface/inference/-/inference-2.8.0.tgz",
      "integrity": "sha512-Ti681P1qckcCAqgzmL53jBnluPuZGelmMIuXNjgAwC5+RIjF4S0SDQu6oy44ZTwekwNp2ETaZ2sXsOk+45aC4w==",
      "requires": {
        "@huggingface/tasks": "^0.11.2"
      }
    },
    "@huggingface/tasks": {
      "version": "0.11.13",
      "resolved": "https://registry.npmjs.org/@huggingface/tasks/-/tasks-0.11.13.tgz",
      "integrity": "sha512-TqFEyFtKYAYwDg9h4XQMzoSxN2NMpwSnerPBx7Y4RbM1nHLM+CTXAUHcDY+hydcA5CoDDaBGzkHw+mttY3AmFQ=="
    },
    "@types/minimist": {
      "version": "1.2.5",
      "resolved": "https://registry.npmjs.org/@types/minimist/-/minimist-1.2.5.tgz",
      "integrity": "sha512-hov8bUuiLiyFPGyFPE1lwWhmzYbirOXQNNo40+y3zow8aFVTeyn3VWL0VFFfdNddA8S4Vf0Tc062rzyNr7Paag=="
    },
    "eventemitter3": {
      "version": "5.0.1",
      "resolved": "https://registry.npmjs.org/eventemitter3/-/eventemitter3-5.0.1.tgz",
      "integrity": "sha512-GWkBvjiSZK87ELrYOSESUYeVIc9mvLLf/nXalMOS5dYrgZq9o5OVkbZAVM06CVxYsCwH9BDZFPlQTlPA1j4ahA=="
    },
    "grid-engine": {
      "version": "2.31.0",
      "resolved": "https://registry.npmjs.org/grid-engine/-/grid-engine-2.31.0.tgz",
      "integrity": "sha512-4V+u97UfjjiFfcE9NogRdyKHgRbRlJYxYQ4uaRZGB14yaGpPNym18YktiqABhLs3agKGXHco96rAsAdPtQKhBw==",
      "requires": {
        "mnemonist": "^0.39.5",
        "rxjs": "^7.8.1",
        "tiled-property-flattener": "^1.0.8"
      }
    },
    "lodash": {
      "version": "4.17.21",
      "resolved": "https://registry.npmjs.org/lodash/-/lodash-4.17.21.tgz",
      "integrity": "sha512-v2kDEe57lecTulaDIuNTPy3Ry4gLGJ6Z1O3vE1krgXZNrsQ+LFTGHVxVjcXPs17LhbZVGedAJv8XZ1tvj5FvSg=="
    },
    "marked": {
      "version": "5.1.2",
      "resolved": "https://registry.npmjs.org/marked/-/marked-5.1.2.tgz",
      "integrity": "sha512-ahRPGXJpjMjwSOlBoTMZAK7ATXkli5qCPxZ21TG44rx1KEo44bii4ekgTDQPNRQ4Kh7JMb9Ub1PVk1NxRSsorg=="
    },
    "minimist": {
      "version": "1.2.8",
      "resolved": "https://registry.npmjs.org/minimist/-/minimist-1.2.8.tgz",
      "integrity": "sha512-2yyAR8qBkN3YuheJanUpWC5U3bb5osDywNB8RzDVlDwDHbocAJveqqj1u8+SVD7jkWT4yvsHCpWqqWqAxb0zCA=="
    },
    "mnemonist": {
      "version": "0.39.8",
      "resolved": "https://registry.npmjs.org/mnemonist/-/mnemonist-0.39.8.tgz",
      "integrity": "sha512-vyWo2K3fjrUw8YeeZ1zF0fy6Mu59RHokURlld8ymdUPjMlD9EC9ov1/YPqTgqRvUN9nTr3Gqfz29LYAmu0PHPQ==",
      "requires": {
        "obliterator": "^2.0.1"
      }
    },
    "obliterator": {
      "version": "2.0.4",
      "resolved": "https://registry.npmjs.org/obliterator/-/obliterator-2.0.4.tgz",
      "integrity": "sha512-lgHwxlxV1qIg1Eap7LgIeoBWIMFibOjbrYPIPJZcI1mmGAI2m3lNYpK12Y+GBdPQ0U1hRwSord7GIaawz962qQ=="
    },
    "phaser": {
      "version": "3.60.0",
      "resolved": "https://registry.npmjs.org/phaser/-/phaser-3.60.0.tgz",
      "integrity": "sha512-IKUy35EnoEVcl2EmJ8WOyK4X8OoxHYdlhZLgRGpNrvD1fEagYffhVmwHcapE/tGiLgyrnezmXIo5RrH2NcrTHw==",
      "requires": {
        "eventemitter3": "^5.0.0"
      }
    },
    "rxjs": {
      "version": "7.8.1",
      "resolved": "https://registry.npmjs.org/rxjs/-/rxjs-7.8.1.tgz",
      "integrity": "sha512-AA3TVj+0A2iuIoQkWEK/tqFjBq2j+6PO6Y0zJcvzLAFhEFIO3HL0vls9hWLncZbAAbK0mar7oZ4V079I/qPMxg==",
      "requires": {
        "tslib": "^2.1.0"
      }
    },
    "tiled-property-flattener": {
      "version": "1.1.1",
      "resolved": "https://registry.npmjs.org/tiled-property-flattener/-/tiled-property-flattener-1.1.1.tgz",
      "integrity": "sha512-Acj6WKbBkJlmqyDtlUIwvGHtNgopUmxYNZiLYWvgxWOTmtVubwskvOoZV3qqCGepBtL/18Fq/t4396n1NpqHng==",
      "requires": {
        "@types/minimist": "^1.2.2",
        "lodash": "^4.17.21",
        "minimist": "^1.2.8"
      }
    },
    "tslib": {
      "version": "2.7.0",
      "resolved": "https://registry.npmjs.org/tslib/-/tslib-2.7.0.tgz",
      "integrity": "sha512-gLXCKdN1/j47AiHiOkJN69hJmcbGTHI0ImLmbYLHykhgeN0jVGola9yVjFgzCUklsZQMW55o+dW7IXv3RCXDzA=="
    }
  }
}
